
Microsoft Visual Studio Solution File, Format Version 12.00
# Visual Studio Version 17
VisualStudioVersion = 17.3.32825.248
MinimumVisualStudioVersion = 10.0.40219.1
Project("{FAE04EC0-301F-11D3-BF4B-00C04F79EFBC}") = "NewFigure", "NewFigure.csproj", "{D2532775-78E5-4763-8170-7CF38F8AB60E}"
EndProject
Global
	GlobalSection(SolutionConfigurationPlatforms) = preSolution
		Debug|Any CPU = Debug|Any CPU
		Release|Any CPU = Release|Any CPU
	EndGlobalSection
	GlobalSection(ProjectConfigurationPlatforms) = postSolution
		{D2532775-78E5-4763-8170-7CF38F8AB60E}.Debug|Any CPU.ActiveCfg = Debug|Any CPU
		{D2532775-78E5-4763-8170-7CF38F8AB60E}.Debug|Any CPU.Build.0 = Debug|Any CPU
		{D2532775-78E5-4763-8170-7CF38F8AB60E}.Release|Any CPU.ActiveCfg = Release|Any CPU
		{D2532775-78E5-4763-8170-7CF38F8AB60E}.Release|Any CPU.Build.0 = Release|Any CPU
	EndGlobalSection
	GlobalSection(SolutionProperties) = preSolution
		HideSolutionNode = FALSE
	EndGlobalSection
	GlobalSection(ExtensibilityGlobals) = postSolution
		SolutionGuid = {D719922F-FCDC-48C4-8D1F-185791D6F39D}
	EndGlobalSection
EndGlobal
